
Microsoft Visual Studio Solution File, Format Version 12.00
# Visual Studio Version 17
VisualStudioVersion = 17.6.33717.318
MinimumVisualStudioVersion = 10.0.40219.1
Project("{8BC9CEB8-8B4A-11D0-8D11-00A0C91BC942}") = "Task1", "Task1\Task1.vcxproj", "{99D23F08-3DD8-4997-B81E-D8094F02E929}"
EndProject
Project("{8BC9CEB8-8B4A-11D0-8D11-00A0C91BC942}") = "StaticLib", "StaticLib\StaticLib.vcxproj", "{7AE79C88-0C44-456D-9D30-AE320F4A940B}"
EndProject
Project("{8BC9CEB8-8B4A-11D0-8D11-00A0C91BC942}") = "DynamicLib", "DynamicLib\DynamicLib.vcxproj", "{82D06CBC-C79F-4638-83C0-12E11FDBA3A6}"
EndProject
Project("{8BC9CEB8-8B4A-11D0-8D11-00A0C91BC942}") = "Task2", "Task2\Task2.vcxproj", "{1AE4D65C-03E4-4372-B25C-D0DD8A78808B}"
EndProject
Project("{8BC9CEB8-8B4A-11D0-8D11-00A0C91BC942}") = "Task3", "Task3\Task3.vcxproj", "{3FEDA2C2-375C-47C2-BC73-E14365F1667B}"
EndProject
Project("{8BC9CEB8-8B4A-11D0-8D11-00A0C91BC942}") = "Task4", "Task4\Task4.vcxproj", "{C2A9E557-E5FE-45D4-8AB2-DE13B7235859}"
EndProject
Project("{8BC9CEB8-8B4A-11D0-8D11-00A0C91BC942}") = "Task5", "Task5\Task5.vcxproj", "{F7E4491C-897C-4D38-9122-8EED926396E4}"
EndProject
Project("{8BC9CEB8-8B4A-11D0-8D11-00A0C91BC942}") = "Task6", "Task6\Task6.vcxproj", "{938F967B-5B47-4AC7-BDF7-9F019159FF60}"
EndProject
Global
	GlobalSection(SolutionConfigurationPlatforms) = preSolution
		Debug|x64 = Debug|x64
		Debug|x86 = Debug|x86
		Release|x64 = Release|x64
		Release|x86 = Release|x86
	EndGlobalSection
	GlobalSection(ProjectConfigurationPlatforms) = postSolution
		{99D23F08-3DD8-4997-B81E-D8094F02E929}.Debug|x64.ActiveCfg = Debug|x64
		{99D23F08-3DD8-4997-B81E-D8094F02E929}.Debug|x64.Build.0 = Debug|x64
		{99D23F08-3DD8-4997-B81E-D8094F02E929}.Debug|x86.ActiveCfg = Debug|Win32
		{99D23F08-3DD8-4997-B81E-D8094F02E929}.Debug|x86.Build.0 = Debug|Win32
		{99D23F08-3DD8-4997-B81E-D8094F02E929}.Release|x64.ActiveCfg = Release|x64
		{99D23F08-3DD8-4997-B81E-D8094F02E929}.Release|x64.Build.0 = Release|x64
		{99D23F08-3DD8-4997-B81E-D8094F02E929}.Release|x86.ActiveCfg = Release|Win32
		{99D23F08-3DD8-4997-B81E-D8094F02E929}.Release|x86.Build.0 = Release|Win32
		{7AE79C88-0C44-456D-9D30-AE320F4A940B}.Debug|x64.ActiveCfg = Debug|x64
		{7AE79C88-0C44-456D-9D30-AE320F4A940B}.Debug|x64.Build.0 = Debug|x64
		{7AE79C88-0C44-456D-9D30-AE320F4A940B}.Debug|x86.ActiveCfg = Debug|Win32
		{7AE79C88-0C44-456D-9D30-AE320F4A940B}.Debug|x86.Build.0 = Debug|Win32
		{7AE79C88-0C44-456D-9D30-AE320F4A940B}.Release|x64.ActiveCfg = Release|x64
		{7AE79C88-0C44-456D-9D30-AE320F4A940B}.Release|x64.Build.0 = Release|x64
		{7AE79C88-0C44-456D-9D30-AE320F4A940B}.Release|x86.ActiveCfg = Release|Win32
		{7AE79C88-0C44-456D-9D30-AE320F4A940B}.Release|x86.Build.0 = Release|Win32
		{82D06CBC-C79F-4638-83C0-12E11FDBA3A6}.Debug|x64.ActiveCfg = Debug|x64
		{82D06CBC-C79F-4638-83C0-12E11FDBA3A6}.Debug|x64.Build.0 = Debug|x64
		{82D06CBC-C79F-4638-83C0-12E11FDBA3A6}.Debug|x86.ActiveCfg = Debug|Win32
		{82D06CBC-C79F-4638-83C0-12E11FDBA3A6}.Debug|x86.Build.0 = Debug|Win32
		{82D06CBC-C79F-4638-83C0-12E11FDBA3A6}.Release|x64.ActiveCfg = Release|x64
		{82D06CBC-C79F-4638-83C0-12E11FDBA3A6}.Release|x64.Build.0 = Release|x64
		{82D06CBC-C79F-4638-83C0-12E11FDBA3A6}.Release|x86.ActiveCfg = Release|Win32
		{82D06CBC-C79F-4638-83C0-12E11FDBA3A6}.Release|x86.Build.0 = Release|Win32
		{1AE4D65C-03E4-4372-B25C-D0DD8A78808B}.Debug|x64.ActiveCfg = Debug|x64
		{1AE4D65C-03E4-4372-B25C-D0DD8A78808B}.Debug|x64.Build.0 = Debug|x64
		{1AE4D65C-03E4-4372-B25C-D0DD8A78808B}.Debug|x86.ActiveCfg = Debug|Win32
		{1AE4D65C-03E4-4372-B25C-D0DD8A78808B}.Debug|x86.Build.0 = Debug|Win32
		{1AE4D65C-03E4-4372-B25C-D0DD8A78808B}.Release|x64.ActiveCfg = Release|x64
		{1AE4D65C-03E4-4372-B25C-D0DD8A78808B}.Release|x64.Build.0 = Release|x64
		{1AE4D65C-03E4-4372-B25C-D0DD8A78808B}.Release|x86.ActiveCfg = Release|Win32
		{1AE4D65C-03E4-4372-B25C-D0DD8A78808B}.Release|x86.Build.0 = Release|Win32
		{3FEDA2C2-375C-47C2-BC73-E14365F1667B}.Debug|x64.ActiveCfg = Debug|x64
		{3FEDA2C2-375C-47C2-BC73-E14365F1667B}.Debug|x64.Build.0 = Debug|x64
		{3FEDA2C2-375C-47C2-BC73-E14365F1667B}.Debug|x86.ActiveCfg = Debug|Win32
		{3FEDA2C2-375C-47C2-BC73-E14365F1667B}.Debug|x86.Build.0 = Debug|Win32
		{3FEDA2C2-375C-47C2-BC73-E14365F1667B}.Release|x64.ActiveCfg = Release|x64
		{3FEDA2C2-375C-47C2-BC73-E14365F1667B}.Release|x64.Build.0 = Release|x64
		{3FEDA2C2-375C-47C2-BC73-E14365F1667B}.Release|x86.ActiveCfg = Release|Win32
		{3FEDA2C2-375C-47C2-BC73-E14365F1667B}.Release|x86.Build.0 = Release|Win32
		{C2A9E557-E5FE-45D4-8AB2-DE13B7235859}.Debug|x64.ActiveCfg = Debug|x64
		{C2A9E557-E5FE-45D4-8AB2-DE13B7235859}.Debug|x64.Build.0 = Debug|x64
		{C2A9E557-E5FE-45D4-8AB2-DE13B7235859}.Debug|x86.ActiveCfg = Debug|Win32
		{C2A9E557-E5FE-45D4-8AB2-DE13B7235859}.Debug|x86.Build.0 = Debug|Win32
		{C2A9E557-E5FE-45D4-8AB2-DE13B7235859}.Release|x64.ActiveCfg = Release|x64
		{C2A9E557-E5FE-45D4-8AB2-DE13B7235859}.Release|x64.Build.0 = Release|x64
		{C2A9E557-E5FE-45D4-8AB2-DE13B7235859}.Release|x86.ActiveCfg = Release|Win32
		{C2A9E557-E5FE-45D4-8AB2-DE13B7235859}.Release|x86.Build.0 = Release|Win32
		{F7E4491C-897C-4D38-9122-8EED926396E4}.Debug|x64.ActiveCfg = Debug|x64
		{F7E4491C-897C-4D38-9122-8EED926396E4}.Debug|x64.Build.0 = Debug|x64
		{F7E4491C-897C-4D38-9122-8EED926396E4}.Debug|x86.ActiveCfg = Debug|Win32
		{F7E4491C-897C-4D38-9122-8EED926396E4}.Debug|x86.Build.0 = Debug|Win32
		{F7E4491C-897C-4D38-9122-8EED926396E4}.Release|x64.ActiveCfg = Release|x64
		{F7E4491C-897C-4D38-9122-8EED926396E4}.Release|x64.Build.0 = Release|x64
		{F7E4491C-897C-4D38-9122-8EED926396E4}.Release|x86.ActiveCfg = Release|Win32
		{F7E4491C-897C-4D38-9122-8EED926396E4}.Release|x86.Build.0 = Release|Win32
		{938F967B-5B47-4AC7-BDF7-9F019159FF60}.Debug|x64.ActiveCfg = Debug|x64
		{938F967B-5B47-4AC7-BDF7-9F019159FF60}.Debug|x64.Build.0 = Debug|x64
		{938F967B-5B47-4AC7-BDF7-9F019159FF60}.Debug|x86.ActiveCfg = Debug|Win32
		{938F967B-5B47-4AC7-BDF7-9F019159FF60}.Debug|x86.Build.0 = Debug|Win32
		{938F967B-5B47-4AC7-BDF7-9F019159FF60}.Release|x64.ActiveCfg = Release|x64
		{938F967B-5B47-4AC7-BDF7-9F019159FF60}.Release|x64.Build.0 = Release|x64
		{938F967B-5B47-4AC7-BDF7-9F019159FF60}.Release|x86.ActiveCfg = Release|Win32
		{938F967B-5B47-4AC7-BDF7-9F019159FF60}.Release|x86.Build.0 = Release|Win32
	EndGlobalSection
	GlobalSection(SolutionProperties) = preSolution
		HideSolutionNode = FALSE
	EndGlobalSection
	GlobalSection(ExtensibilityGlobals) = postSolution
		SolutionGuid = {D15E411B-6DEB-466B-8BAF-034E558721C2}
	EndGlobalSection
EndGlobal
