
Microsoft Visual Studio Solution File, Format Version 12.00
# Visual Studio Version 17
VisualStudioVersion = 17.3.32922.545
MinimumVisualStudioVersion = 10.0.40219.1
Project("{8BC9CEB8-8B4A-11D0-8D11-00A0C91BC942}") = "Lab1_VadymHurnik", "Lab1_VadymHurnik\Lab1_VadymHurnik.vcxproj", "{AF8C8577-E54B-4673-B8FD-0B27A616E73E}"
EndProject
Global
	GlobalSection(SolutionConfigurationPlatforms) = preSolution
		Debug|x64 = Debug|x64
		Debug|x86 = Debug|x86
		Release|x64 = Release|x64
		Release|x86 = Release|x86
	EndGlobalSection
	GlobalSection(ProjectConfigurationPlatforms) = postSolution
		{AF8C8577-E54B-4673-B8FD-0B27A616E73E}.Debug|x64.ActiveCfg = Debug|x64
		{AF8C8577-E54B-4673-B8FD-0B27A616E73E}.Debug|x64.Build.0 = Debug|x64
		{AF8C8577-E54B-4673-B8FD-0B27A616E73E}.Debug|x86.ActiveCfg = Debug|Win32
		{AF8C8577-E54B-4673-B8FD-0B27A616E73E}.Debug|x86.Build.0 = Debug|Win32
		{AF8C8577-E54B-4673-B8FD-0B27A616E73E}.Release|x64.ActiveCfg = Release|x64
		{AF8C8577-E54B-4673-B8FD-0B27A616E73E}.Release|x64.Build.0 = Release|x64
		{AF8C8577-E54B-4673-B8FD-0B27A616E73E}.Release|x86.ActiveCfg = Release|Win32
		{AF8C8577-E54B-4673-B8FD-0B27A616E73E}.Release|x86.Build.0 = Release|Win32
	EndGlobalSection
	GlobalSection(SolutionProperties) = preSolution
		HideSolutionNode = FALSE
	EndGlobalSection
	GlobalSection(ExtensibilityGlobals) = postSolution
		SolutionGuid = {7C0B1F98-578A-43C8-91C5-313CC6B9B3BD}
	EndGlobalSection
EndGlobal
