
Microsoft Visual Studio Solution File, Format Version 12.00
# Visual Studio Version 17
VisualStudioVersion = 17.4.33122.133
MinimumVisualStudioVersion = 10.0.40219.1
Project("{8BC9CEB8-8B4A-11D0-8D11-00A0C91BC942}") = "Task1", "Task1\Task1.vcxproj", "{9E8F59DD-A98B-499E-8E13-0E401959F3C8}"
EndProject
Project("{8BC9CEB8-8B4A-11D0-8D11-00A0C91BC942}") = "Task2", "Task2\Task2.vcxproj", "{3E9A8635-A6D7-432F-8F3B-ABCBF4076155}"
EndProject
Project("{8BC9CEB8-8B4A-11D0-8D11-00A0C91BC942}") = "Task3", "Task3\Task3.vcxproj", "{5EB1EA4B-2598-4CDB-A77B-E4102479785F}"
EndProject
Project("{8BC9CEB8-8B4A-11D0-8D11-00A0C91BC942}") = "Task4", "Task4\Task4.vcxproj", "{CB85068B-71C5-4D6D-826C-DA3A0BE24A6D}"
EndProject
Project("{8BC9CEB8-8B4A-11D0-8D11-00A0C91BC942}") = "Task5", "Task5\Task5.vcxproj", "{EC8BCF9C-17B4-40E9-A4AE-10CBDE97E5C8}"
EndProject
Project("{8BC9CEB8-8B4A-11D0-8D11-00A0C91BC942}") = "DynamicLib", "DynamicLib\DynamicLib.vcxproj", "{ADA9458A-7AA9-4A80-9912-2481B4099B0F}"
EndProject
Project("{8BC9CEB8-8B4A-11D0-8D11-00A0C91BC942}") = "StaticLib", "StaticLib\StaticLib.vcxproj", "{8B59F1D6-EF79-45D3-8C32-02A6F5D8EEE5}"
EndProject
Global
	GlobalSection(SolutionConfigurationPlatforms) = preSolution
		Debug|x64 = Debug|x64
		Debug|x86 = Debug|x86
		Release|x64 = Release|x64
		Release|x86 = Release|x86
	EndGlobalSection
	GlobalSection(ProjectConfigurationPlatforms) = postSolution
		{9E8F59DD-A98B-499E-8E13-0E401959F3C8}.Debug|x64.ActiveCfg = Debug|x64
		{9E8F59DD-A98B-499E-8E13-0E401959F3C8}.Debug|x64.Build.0 = Debug|x64
		{9E8F59DD-A98B-499E-8E13-0E401959F3C8}.Debug|x86.ActiveCfg = Debug|Win32
		{9E8F59DD-A98B-499E-8E13-0E401959F3C8}.Debug|x86.Build.0 = Debug|Win32
		{9E8F59DD-A98B-499E-8E13-0E401959F3C8}.Release|x64.ActiveCfg = Release|x64
		{9E8F59DD-A98B-499E-8E13-0E401959F3C8}.Release|x64.Build.0 = Release|x64
		{9E8F59DD-A98B-499E-8E13-0E401959F3C8}.Release|x86.ActiveCfg = Release|Win32
		{9E8F59DD-A98B-499E-8E13-0E401959F3C8}.Release|x86.Build.0 = Release|Win32
		{3E9A8635-A6D7-432F-8F3B-ABCBF4076155}.Debug|x64.ActiveCfg = Debug|x64
		{3E9A8635-A6D7-432F-8F3B-ABCBF4076155}.Debug|x64.Build.0 = Debug|x64
		{3E9A8635-A6D7-432F-8F3B-ABCBF4076155}.Debug|x86.ActiveCfg = Debug|Win32
		{3E9A8635-A6D7-432F-8F3B-ABCBF4076155}.Debug|x86.Build.0 = Debug|Win32
		{3E9A8635-A6D7-432F-8F3B-ABCBF4076155}.Release|x64.ActiveCfg = Release|x64
		{3E9A8635-A6D7-432F-8F3B-ABCBF4076155}.Release|x64.Build.0 = Release|x64
		{3E9A8635-A6D7-432F-8F3B-ABCBF4076155}.Release|x86.ActiveCfg = Release|Win32
		{3E9A8635-A6D7-432F-8F3B-ABCBF4076155}.Release|x86.Build.0 = Release|Win32
		{5EB1EA4B-2598-4CDB-A77B-E4102479785F}.Debug|x64.ActiveCfg = Debug|x64
		{5EB1EA4B-2598-4CDB-A77B-E4102479785F}.Debug|x64.Build.0 = Debug|x64
		{5EB1EA4B-2598-4CDB-A77B-E4102479785F}.Debug|x86.ActiveCfg = Debug|Win32
		{5EB1EA4B-2598-4CDB-A77B-E4102479785F}.Debug|x86.Build.0 = Debug|Win32
		{5EB1EA4B-2598-4CDB-A77B-E4102479785F}.Release|x64.ActiveCfg = Release|x64
		{5EB1EA4B-2598-4CDB-A77B-E4102479785F}.Release|x64.Build.0 = Release|x64
		{5EB1EA4B-2598-4CDB-A77B-E4102479785F}.Release|x86.ActiveCfg = Release|Win32
		{5EB1EA4B-2598-4CDB-A77B-E4102479785F}.Release|x86.Build.0 = Release|Win32
		{CB85068B-71C5-4D6D-826C-DA3A0BE24A6D}.Debug|x64.ActiveCfg = Debug|x64
		{CB85068B-71C5-4D6D-826C-DA3A0BE24A6D}.Debug|x64.Build.0 = Debug|x64
		{CB85068B-71C5-4D6D-826C-DA3A0BE24A6D}.Debug|x86.ActiveCfg = Debug|Win32
		{CB85068B-71C5-4D6D-826C-DA3A0BE24A6D}.Debug|x86.Build.0 = Debug|Win32
		{CB85068B-71C5-4D6D-826C-DA3A0BE24A6D}.Release|x64.ActiveCfg = Release|x64
		{CB85068B-71C5-4D6D-826C-DA3A0BE24A6D}.Release|x64.Build.0 = Release|x64
		{CB85068B-71C5-4D6D-826C-DA3A0BE24A6D}.Release|x86.ActiveCfg = Release|Win32
		{CB85068B-71C5-4D6D-826C-DA3A0BE24A6D}.Release|x86.Build.0 = Release|Win32
		{EC8BCF9C-17B4-40E9-A4AE-10CBDE97E5C8}.Debug|x64.ActiveCfg = Debug|x64
		{EC8BCF9C-17B4-40E9-A4AE-10CBDE97E5C8}.Debug|x64.Build.0 = Debug|x64
		{EC8BCF9C-17B4-40E9-A4AE-10CBDE97E5C8}.Debug|x86.ActiveCfg = Debug|Win32
		{EC8BCF9C-17B4-40E9-A4AE-10CBDE97E5C8}.Debug|x86.Build.0 = Debug|Win32
		{EC8BCF9C-17B4-40E9-A4AE-10CBDE97E5C8}.Release|x64.ActiveCfg = Release|x64
		{EC8BCF9C-17B4-40E9-A4AE-10CBDE97E5C8}.Release|x64.Build.0 = Release|x64
		{EC8BCF9C-17B4-40E9-A4AE-10CBDE97E5C8}.Release|x86.ActiveCfg = Release|Win32
		{EC8BCF9C-17B4-40E9-A4AE-10CBDE97E5C8}.Release|x86.Build.0 = Release|Win32
		{ADA9458A-7AA9-4A80-9912-2481B4099B0F}.Debug|x64.ActiveCfg = Debug|x64
		{ADA9458A-7AA9-4A80-9912-2481B4099B0F}.Debug|x64.Build.0 = Debug|x64
		{ADA9458A-7AA9-4A80-9912-2481B4099B0F}.Debug|x86.ActiveCfg = Debug|Win32
		{ADA9458A-7AA9-4A80-9912-2481B4099B0F}.Debug|x86.Build.0 = Debug|Win32
		{ADA9458A-7AA9-4A80-9912-2481B4099B0F}.Release|x64.ActiveCfg = Release|x64
		{ADA9458A-7AA9-4A80-9912-2481B4099B0F}.Release|x64.Build.0 = Release|x64
		{ADA9458A-7AA9-4A80-9912-2481B4099B0F}.Release|x86.ActiveCfg = Release|Win32
		{ADA9458A-7AA9-4A80-9912-2481B4099B0F}.Release|x86.Build.0 = Release|Win32
		{8B59F1D6-EF79-45D3-8C32-02A6F5D8EEE5}.Debug|x64.ActiveCfg = Debug|x64
		{8B59F1D6-EF79-45D3-8C32-02A6F5D8EEE5}.Debug|x64.Build.0 = Debug|x64
		{8B59F1D6-EF79-45D3-8C32-02A6F5D8EEE5}.Debug|x86.ActiveCfg = Debug|Win32
		{8B59F1D6-EF79-45D3-8C32-02A6F5D8EEE5}.Debug|x86.Build.0 = Debug|Win32
		{8B59F1D6-EF79-45D3-8C32-02A6F5D8EEE5}.Release|x64.ActiveCfg = Release|x64
		{8B59F1D6-EF79-45D3-8C32-02A6F5D8EEE5}.Release|x64.Build.0 = Release|x64
		{8B59F1D6-EF79-45D3-8C32-02A6F5D8EEE5}.Release|x86.ActiveCfg = Release|Win32
		{8B59F1D6-EF79-45D3-8C32-02A6F5D8EEE5}.Release|x86.Build.0 = Release|Win32
	EndGlobalSection
	GlobalSection(SolutionProperties) = preSolution
		HideSolutionNode = FALSE
	EndGlobalSection
	GlobalSection(ExtensibilityGlobals) = postSolution
		SolutionGuid = {611BD126-8EED-47E4-9DC3-2D4B41E4A9ED}
	EndGlobalSection
EndGlobal
