
Microsoft Visual Studio Solution File, Format Version 12.00
# Visual Studio Version 17
VisualStudioVersion = 17.4.33122.133
MinimumVisualStudioVersion = 10.0.40219.1
Project("{8BC9CEB8-8B4A-11D0-8D11-00A0C91BC942}") = "Task1", "Task1\Task1.vcxproj", "{ECC9FCF7-3E46-4786-9280-D0534E18E43D}"
EndProject
Project("{8BC9CEB8-8B4A-11D0-8D11-00A0C91BC942}") = "Task2", "Task2\Task2.vcxproj", "{96FAB275-CBF5-4DF8-A54B-1B5B8A99ECBB}"
EndProject
Project("{8BC9CEB8-8B4A-11D0-8D11-00A0C91BC942}") = "Task3", "Task3\Task3.vcxproj", "{64F65155-1586-4B67-82F9-617C8454BD22}"
EndProject
Global
	GlobalSection(SolutionConfigurationPlatforms) = preSolution
		Debug|x64 = Debug|x64
		Debug|x86 = Debug|x86
		Release|x64 = Release|x64
		Release|x86 = Release|x86
	EndGlobalSection
	GlobalSection(ProjectConfigurationPlatforms) = postSolution
		{ECC9FCF7-3E46-4786-9280-D0534E18E43D}.Debug|x64.ActiveCfg = Debug|x64
		{ECC9FCF7-3E46-4786-9280-D0534E18E43D}.Debug|x64.Build.0 = Debug|x64
		{ECC9FCF7-3E46-4786-9280-D0534E18E43D}.Debug|x86.ActiveCfg = Debug|Win32
		{ECC9FCF7-3E46-4786-9280-D0534E18E43D}.Debug|x86.Build.0 = Debug|Win32
		{ECC9FCF7-3E46-4786-9280-D0534E18E43D}.Release|x64.ActiveCfg = Release|x64
		{ECC9FCF7-3E46-4786-9280-D0534E18E43D}.Release|x64.Build.0 = Release|x64
		{ECC9FCF7-3E46-4786-9280-D0534E18E43D}.Release|x86.ActiveCfg = Release|Win32
		{ECC9FCF7-3E46-4786-9280-D0534E18E43D}.Release|x86.Build.0 = Release|Win32
		{96FAB275-CBF5-4DF8-A54B-1B5B8A99ECBB}.Debug|x64.ActiveCfg = Debug|x64
		{96FAB275-CBF5-4DF8-A54B-1B5B8A99ECBB}.Debug|x64.Build.0 = Debug|x64
		{96FAB275-CBF5-4DF8-A54B-1B5B8A99ECBB}.Debug|x86.ActiveCfg = Debug|Win32
		{96FAB275-CBF5-4DF8-A54B-1B5B8A99ECBB}.Debug|x86.Build.0 = Debug|Win32
		{96FAB275-CBF5-4DF8-A54B-1B5B8A99ECBB}.Release|x64.ActiveCfg = Release|x64
		{96FAB275-CBF5-4DF8-A54B-1B5B8A99ECBB}.Release|x64.Build.0 = Release|x64
		{96FAB275-CBF5-4DF8-A54B-1B5B8A99ECBB}.Release|x86.ActiveCfg = Release|Win32
		{96FAB275-CBF5-4DF8-A54B-1B5B8A99ECBB}.Release|x86.Build.0 = Release|Win32
		{64F65155-1586-4B67-82F9-617C8454BD22}.Debug|x64.ActiveCfg = Debug|x64
		{64F65155-1586-4B67-82F9-617C8454BD22}.Debug|x64.Build.0 = Debug|x64
		{64F65155-1586-4B67-82F9-617C8454BD22}.Debug|x86.ActiveCfg = Debug|Win32
		{64F65155-1586-4B67-82F9-617C8454BD22}.Debug|x86.Build.0 = Debug|Win32
		{64F65155-1586-4B67-82F9-617C8454BD22}.Release|x64.ActiveCfg = Release|x64
		{64F65155-1586-4B67-82F9-617C8454BD22}.Release|x64.Build.0 = Release|x64
		{64F65155-1586-4B67-82F9-617C8454BD22}.Release|x86.ActiveCfg = Release|Win32
		{64F65155-1586-4B67-82F9-617C8454BD22}.Release|x86.Build.0 = Release|Win32
	EndGlobalSection
	GlobalSection(SolutionProperties) = preSolution
		HideSolutionNode = FALSE
	EndGlobalSection
	GlobalSection(ExtensibilityGlobals) = postSolution
		SolutionGuid = {8D675D0E-9C6A-4363-BFBE-8BCD5A971294}
	EndGlobalSection
EndGlobal
