
Microsoft Visual Studio Solution File, Format Version 12.00
# Visual Studio Version 17
VisualStudioVersion = 17.3.32922.545
MinimumVisualStudioVersion = 10.0.40219.1
Project("{8BC9CEB8-8B4A-11D0-8D11-00A0C91BC942}") = "Task1", "Task1\Task1.vcxproj", "{E75B72E0-A35A-45C3-A61D-EE073C296F67}"
EndProject
Project("{8BC9CEB8-8B4A-11D0-8D11-00A0C91BC942}") = "Task2", "Task2\Task2.vcxproj", "{364ED7E1-8500-42A4-8829-88DC1530C912}"
EndProject
Project("{8BC9CEB8-8B4A-11D0-8D11-00A0C91BC942}") = "Task3", "Task3\Task3.vcxproj", "{EE841B60-57D7-46C5-8ADF-9B476F68E378}"
EndProject
Global
	GlobalSection(SolutionConfigurationPlatforms) = preSolution
		Debug|x64 = Debug|x64
		Debug|x86 = Debug|x86
		Release|x64 = Release|x64
		Release|x86 = Release|x86
	EndGlobalSection
	GlobalSection(ProjectConfigurationPlatforms) = postSolution
		{E75B72E0-A35A-45C3-A61D-EE073C296F67}.Debug|x64.ActiveCfg = Debug|x64
		{E75B72E0-A35A-45C3-A61D-EE073C296F67}.Debug|x64.Build.0 = Debug|x64
		{E75B72E0-A35A-45C3-A61D-EE073C296F67}.Debug|x86.ActiveCfg = Debug|Win32
		{E75B72E0-A35A-45C3-A61D-EE073C296F67}.Debug|x86.Build.0 = Debug|Win32
		{E75B72E0-A35A-45C3-A61D-EE073C296F67}.Release|x64.ActiveCfg = Release|x64
		{E75B72E0-A35A-45C3-A61D-EE073C296F67}.Release|x64.Build.0 = Release|x64
		{E75B72E0-A35A-45C3-A61D-EE073C296F67}.Release|x86.ActiveCfg = Release|Win32
		{E75B72E0-A35A-45C3-A61D-EE073C296F67}.Release|x86.Build.0 = Release|Win32
		{364ED7E1-8500-42A4-8829-88DC1530C912}.Debug|x64.ActiveCfg = Debug|x64
		{364ED7E1-8500-42A4-8829-88DC1530C912}.Debug|x64.Build.0 = Debug|x64
		{364ED7E1-8500-42A4-8829-88DC1530C912}.Debug|x86.ActiveCfg = Debug|Win32
		{364ED7E1-8500-42A4-8829-88DC1530C912}.Debug|x86.Build.0 = Debug|Win32
		{364ED7E1-8500-42A4-8829-88DC1530C912}.Release|x64.ActiveCfg = Release|x64
		{364ED7E1-8500-42A4-8829-88DC1530C912}.Release|x64.Build.0 = Release|x64
		{364ED7E1-8500-42A4-8829-88DC1530C912}.Release|x86.ActiveCfg = Release|Win32
		{364ED7E1-8500-42A4-8829-88DC1530C912}.Release|x86.Build.0 = Release|Win32
		{EE841B60-57D7-46C5-8ADF-9B476F68E378}.Debug|x64.ActiveCfg = Debug|x64
		{EE841B60-57D7-46C5-8ADF-9B476F68E378}.Debug|x64.Build.0 = Debug|x64
		{EE841B60-57D7-46C5-8ADF-9B476F68E378}.Debug|x86.ActiveCfg = Debug|Win32
		{EE841B60-57D7-46C5-8ADF-9B476F68E378}.Debug|x86.Build.0 = Debug|Win32
		{EE841B60-57D7-46C5-8ADF-9B476F68E378}.Release|x64.ActiveCfg = Release|x64
		{EE841B60-57D7-46C5-8ADF-9B476F68E378}.Release|x64.Build.0 = Release|x64
		{EE841B60-57D7-46C5-8ADF-9B476F68E378}.Release|x86.ActiveCfg = Release|Win32
		{EE841B60-57D7-46C5-8ADF-9B476F68E378}.Release|x86.Build.0 = Release|Win32
	EndGlobalSection
	GlobalSection(SolutionProperties) = preSolution
		HideSolutionNode = FALSE
	EndGlobalSection
	GlobalSection(ExtensibilityGlobals) = postSolution
		SolutionGuid = {67D2AD50-A265-4186-8740-CF2854BF735C}
	EndGlobalSection
EndGlobal
